{
  "lockfile_version": "1",
  "packages": {
    "gh@2.74.2": {
      "last_modified": "2025-06-24T02:18:21Z",
      "resolved": "github:NixOS/nixpkgs/69dfebb3d175bde602f612915c5576a41b18486b#gh",
      "source": "devbox-search",
      "version": "2.74.2",
      "systems": {
        "aarch64-darwin": {
          "outputs": [
            {
              "name": "out",
              "path": "/nix/store/skd2pypjg31qkkg8cw75lmdrrfj0wpmp-gh-2.74.2",
              "default": true
            }
          ],
          "store_path": "/nix/store/skd2pypjg31qkkg8cw75lmdrrfj0wpmp-gh-2.74.2"
        },
        "aarch64-linux": {
          "outputs": [
            {
              "name": "out",
              "path": "/nix/store/csq39dvk7i297fhq0p84db03x0s9n5x3-gh-2.74.2",
              "default": true
            }
          ],
          "store_path": "/nix/store/csq39dvk7i297fhq0p84db03x0s9n5x3-gh-2.74.2"
        },
        "x86_64-darwin": {
          "outputs": [
            {
              "name": "out",
              "path": "/nix/store/c3822fczwp3x2p6274hw2ajqh9lah7jp-gh-2.74.2",
              "default": true
            }
          ],
          "store_path": "/nix/store/c3822fczwp3x2p6274hw2ajqh9lah7jp-gh-2.74.2"
        },
        "x86_64-linux": {
          "outputs": [
            {
              "name": "out",
              "path": "/nix/store/4gmr6h0aly4pngrlrvy12z98kyag1bpx-gh-2.74.2",
              "default": true
            }
          ],
          "store_path": "/nix/store/4gmr6h0aly4pngrlrvy12z98kyag1bpx-gh-2.74.2"
        }
      }
    },
    "github:NixOS/nixpkgs/nixpkgs-unstable": {
      "last_modified": "2025-06-11T05:21:29Z",
      "resolved": "github:NixOS/nixpkgs/f72be405a10668b8b00937b452f2145244103ebc?lastModified=1749619289&narHash=sha256-qX6gXVjaCXXbcn6A9eSLUf8Fm07MgPGe5ir3%2B%2By2O1Q%3D"
    },
    "nil@latest": {
      "last_modified": "2025-06-22T15:15:55Z",
      "resolved": "github:NixOS/nixpkgs/3078b9a9e75f1790e6d6ef9955fdc6a2d1740cc6#nil",
      "source": "devbox-search",
      "version": "2025-06-13",
      "systems": {
        "aarch64-darwin": {
          "outputs": [
            {
              "name": "out",
              "path": "/nix/store/smvs9jmn3fxsynb0rj0hav0kf02q74ca-nil-2025-06-13",
              "default": true
            }
          ],
          "store_path": "/nix/store/smvs9jmn3fxsynb0rj0hav0kf02q74ca-nil-2025-06-13"
        },
        "aarch64-linux": {
          "outputs": [
            {
              "name": "out",
              "path": "/nix/store/ji3zyfcwklkz82bzjn084m689lkwx264-nil-2025-06-13",
              "default": true
            }
          ],
          "store_path": "/nix/store/ji3zyfcwklkz82bzjn084m689lkwx264-nil-2025-06-13"
        },
        "x86_64-darwin": {
          "outputs": [
            {
              "name": "out",
              "path": "/nix/store/d8wqf73mia0pjcvncgpd267wrdnq0yd2-nil-2025-06-13",
              "default": true
            }
          ],
          "store_path": "/nix/store/d8wqf73mia0pjcvncgpd267wrdnq0yd2-nil-2025-06-13"
        },
        "x86_64-linux": {
          "outputs": [
            {
              "name": "out",
              "path": "/nix/store/6mf2p2z67gixsvz28sjbsjz9p7rkdi59-nil-2025-06-13",
              "default": true
            }
          ],
          "store_path": "/nix/store/6mf2p2z67gixsvz28sjbsjz9p7rkdi59-nil-2025-06-13"
        }
      }
    },
    "nixfmt@latest": {
      "last_modified": "2024-04-02T02:53:36Z",
      "resolved": "github:NixOS/nixpkgs/080a4a27f206d07724b88da096e27ef63401a504#nixfmt",
      "source": "devbox-search",
      "version": "0.6.0",
      "systems": {
        "aarch64-darwin": {
          "outputs": [
            {
              "name": "bin",
              "path": "/nix/store/rmm7lnjpv0rk84jwagjpl03iy9sj3flr-nixfmt-0.6.0-bin",
              "default": true
            },
            {
              "name": "doc",
              "path": "/nix/store/qixa3k5h6pf7p4albi9cnl4ip6nxky2l-nixfmt-0.6.0-doc"
            },
            {
              "name": "out",
              "path": "/nix/store/kgwl97k28id7igw8bk73c7s4lvib8yj1-nixfmt-0.6.0"
            }
          ],
          "store_path": "/nix/store/rmm7lnjpv0rk84jwagjpl03iy9sj3flr-nixfmt-0.6.0-bin"
        },
        "aarch64-linux": {
          "outputs": [
            {
              "name": "bin",
              "path": "/nix/store/3wh266flhkc3rla0wxisrbwvgwpwz18v-nixfmt-0.6.0-bin",
              "default": true
            },
            {
              "name": "doc",
              "path": "/nix/store/cwsjahhpkm7c5jazb3xc0d4m72z6q0q6-nixfmt-0.6.0-doc"
            },
            {
              "name": "out",
              "path": "/nix/store/1zpyhzc3slis08rng2878qwrfxjm23al-nixfmt-0.6.0"
            }
          ],
          "store_path": "/nix/store/3wh266flhkc3rla0wxisrbwvgwpwz18v-nixfmt-0.6.0-bin"
        },
        "x86_64-darwin": {
          "outputs": [
            {
              "name": "bin",
              "path": "/nix/store/nvxnlfd4av2ai16mvqjv5mrsbf0r0sxg-nixfmt-0.6.0-bin",
              "default": true
            },
            {
              "name": "doc",
              "path": "/nix/store/j0ndpnzjw9qjk8qhsvr3hf309v40ybgx-nixfmt-0.6.0-doc"
            },
            {
              "name": "out",
              "path": "/nix/store/nfi1yr0wy3ak8f86gg650mg26wd93pld-nixfmt-0.6.0"
            }
          ],
          "store_path": "/nix/store/nvxnlfd4av2ai16mvqjv5mrsbf0r0sxg-nixfmt-0.6.0-bin"
        },
        "x86_64-linux": {
          "outputs": [
            {
              "name": "bin",
              "path": "/nix/store/q4k3kb94fb9bgd76aa4plj4lksipbl52-nixfmt-0.6.0-bin",
              "default": true
            },
            {
              "name": "doc",
              "path": "/nix/store/83xc19p9yrzpnixs3i6hxb3zsma4d8mf-nixfmt-0.6.0-doc"
            },
            {
              "name": "out",
              "path": "/nix/store/a53qdzp29zy15q50ig3rysnwi2is29r5-nixfmt-0.6.0"
            }
          ],
          "store_path": "/nix/store/q4k3kb94fb9bgd76aa4plj4lksipbl52-nixfmt-0.6.0-bin"
        }
      }
    },
    "pre-commit@4.2.0": {
      "last_modified": "2025-06-20T02:24:11Z",
      "resolved": "github:NixOS/nixpkgs/076e8c6678d8c54204abcb4b1b14c366835a58bb#pre-commit",
      "source": "devbox-search",
      "version": "4.2.0",
      "systems": {
        "aarch64-darwin": {
          "outputs": [
            {
              "name": "out",
              "path": "/nix/store/gyznp2z3pd8wdkk0wzaz1pfnjrbfragr-pre-commit-4.2.0",
              "default": true
            },
            {
              "name": "dist",
              "path": "/nix/store/4hhmvq0z9b4lg2fap6jq9fjxvn97cy4l-pre-commit-4.2.0-dist"
            }
          ],
          "store_path": "/nix/store/gyznp2z3pd8wdkk0wzaz1pfnjrbfragr-pre-commit-4.2.0"
        },
        "aarch64-linux": {
          "outputs": [
            {
              "name": "out",
              "path": "/nix/store/d1adml1ax94z3cmmdh54aa5gb5b5lr9d-pre-commit-4.2.0",
              "default": true
            },
            {
              "name": "dist",
              "path": "/nix/store/xrfiwvbmd54d6djr5fdh1a3jnyv4w5hd-pre-commit-4.2.0-dist"
            }
          ],
          "store_path": "/nix/store/d1adml1ax94z3cmmdh54aa5gb5b5lr9d-pre-commit-4.2.0"
        },
        "x86_64-darwin": {
          "outputs": [
            {
              "name": "out",
              "path": "/nix/store/1sbi1q54qab5ap275zxrj9p65r1i09iy-pre-commit-4.2.0",
              "default": true
            },
            {
              "name": "dist",
              "path": "/nix/store/q2vvc95lbycahl1h8dzbqc84mg7s2fbz-pre-commit-4.2.0-dist"
            }
          ],
          "store_path": "/nix/store/1sbi1q54qab5ap275zxrj9p65r1i09iy-pre-commit-4.2.0"
        },
        "x86_64-linux": {
          "outputs": [
            {
              "name": "out",
              "path": "/nix/store/zxvldrm671gq69azfhwd78siy3zgzn40-pre-commit-4.2.0",
              "default": true
            },
            {
              "name": "dist",
              "path": "/nix/store/xvyw44yiz51j2blpghhfb1fpd4x9vkna-pre-commit-4.2.0-dist"
            }
          ],
          "store_path": "/nix/store/zxvldrm671gq69azfhwd78siy3zgzn40-pre-commit-4.2.0"
        }
      }
    },
    "shellcheck@0.10.0": {
      "last_modified": "2025-06-20T02:24:11Z",
      "resolved": "github:NixOS/nixpkgs/076e8c6678d8c54204abcb4b1b14c366835a58bb#shellcheck",
      "source": "devbox-search",
      "version": "0.10.0",
      "systems": {
        "aarch64-darwin": {
          "outputs": [
            {
              "name": "bin",
              "path": "/nix/store/qsj3yxjwaf73lffvzf45fmahq7m1n7x4-shellcheck-0.10.0-bin",
              "default": true
            },
            {
              "name": "man",
              "path": "/nix/store/zf231ipz367dgjw44l7n41g4c7dgyays-shellcheck-0.10.0-man",
              "default": true
            },
            {
              "name": "doc",
              "path": "/nix/store/pdicgyvhzzrca0sqmihahlgrywab8xx9-shellcheck-0.10.0-doc",
              "default": true
            },
            {
              "name": "out",
              "path": "/nix/store/584bvfbg4ywsn9bb30br4r8fqmp5ggw2-shellcheck-0.10.0"
            }
          ],
          "store_path": "/nix/store/qsj3yxjwaf73lffvzf45fmahq7m1n7x4-shellcheck-0.10.0-bin"
        },
        "aarch64-linux": {
          "outputs": [
            {
              "name": "bin",
              "path": "/nix/store/79ycks23yh1kv84r6s02p541c0y1nw9r-shellcheck-0.10.0-bin",
              "default": true
            },
            {
              "name": "man",
              "path": "/nix/store/l7awsn9nl4j5dgrliwkaf6nbw6lgn6ci-shellcheck-0.10.0-man",
              "default": true
            },
            {
              "name": "doc",
              "path": "/nix/store/i7678lznw0nr0422qim2fapzrq682krw-shellcheck-0.10.0-doc",
              "default": true
            },
            {
              "name": "out",
              "path": "/nix/store/78xvf4h4ad1f9yn74n21l1i34gxv5c7i-shellcheck-0.10.0"
            }
          ],
          "store_path": "/nix/store/79ycks23yh1kv84r6s02p541c0y1nw9r-shellcheck-0.10.0-bin"
        },
        "x86_64-darwin": {
          "outputs": [
            {
              "name": "bin",
              "path": "/nix/store/iq96phmmdcnsry2ngqyy720c4sk99s18-shellcheck-0.10.0-bin",
              "default": true
            },
            {
              "name": "man",
              "path": "/nix/store/8iym4xdrc1l74icpw3slbhm82c9nhzmy-shellcheck-0.10.0-man",
              "default": true
            },
            {
              "name": "doc",
              "path": "/nix/store/mc1a9fl72alfqn19wqm34m53zbhg8hqh-shellcheck-0.10.0-doc",
              "default": true
            },
            {
              "name": "out",
              "path": "/nix/store/x2ww2jjgjplqz32wy8j0g4k85wfkbnfd-shellcheck-0.10.0"
            }
          ],
          "store_path": "/nix/store/iq96phmmdcnsry2ngqyy720c4sk99s18-shellcheck-0.10.0-bin"
        },
        "x86_64-linux": {
          "outputs": [
            {
              "name": "bin",
              "path": "/nix/store/6lp66063vh1gsva6ypgy04wdjkcy67nq-shellcheck-0.10.0-bin",
              "default": true
            },
            {
              "name": "man",
              "path": "/nix/store/8nz4x7f7pv5gqbb34an4hqjbykkxmr8y-shellcheck-0.10.0-man",
              "default": true
            },
            {
              "name": "doc",
              "path": "/nix/store/75b3g9kl56c8h7hw5s93fhsy91s5my5w-shellcheck-0.10.0-doc",
              "default": true
            },
            {
              "name": "out",
              "path": "/nix/store/xpjpha1qqbkdqn245fp7xhq1kbdidq64-shellcheck-0.10.0"
            }
          ],
          "store_path": "/nix/store/6lp66063vh1gsva6ypgy04wdjkcy67nq-shellcheck-0.10.0-bin"
        }
      }
    },
    "shfmt@3.11.0": {
      "last_modified": "2025-06-20T02:24:11Z",
      "resolved": "github:NixOS/nixpkgs/076e8c6678d8c54204abcb4b1b14c366835a58bb#shfmt",
      "source": "devbox-search",
      "version": "3.11.0",
      "systems": {
        "aarch64-darwin": {
          "outputs": [
            {
              "name": "out",
              "path": "/nix/store/0iybql4yr8rwvfrlyg3d4cal5dsbag2r-shfmt-3.11.0",
              "default": true
            }
          ],
          "store_path": "/nix/store/0iybql4yr8rwvfrlyg3d4cal5dsbag2r-shfmt-3.11.0"
        },
        "aarch64-linux": {
          "outputs": [
            {
              "name": "out",
              "path": "/nix/store/4xmgdm8kxvsyp3piv7dgdd23ak4m09wb-shfmt-3.11.0",
              "default": true
            }
          ],
          "store_path": "/nix/store/4xmgdm8kxvsyp3piv7dgdd23ak4m09wb-shfmt-3.11.0"
        },
        "x86_64-darwin": {
          "outputs": [
            {
              "name": "out",
              "path": "/nix/store/6ly2yhqr2bq4vy4dw0wqs9g5i11byqzc-shfmt-3.11.0",
              "default": true
            }
          ],
          "store_path": "/nix/store/6ly2yhqr2bq4vy4dw0wqs9g5i11byqzc-shfmt-3.11.0"
        },
        "x86_64-linux": {
          "outputs": [
            {
              "name": "out",
              "path": "/nix/store/i2n1mira4g8wddjcd85mh8sccdgaf2q5-shfmt-3.11.0",
              "default": true
            }
          ],
          "store_path": "/nix/store/i2n1mira4g8wddjcd85mh8sccdgaf2q5-shfmt-3.11.0"
        }
      }
    }
  }
}
