{
  "lockfile_version": "1",
  "packages": {
    "github:NixOS/nixpkgs/nixpkgs-unstable": {
      "resolved": "github:NixOS/nixpkgs/573c650e8a14b2faa0041645ab18aed7e60f0c9a?lastModified=1741865919&narHash=sha256-4thdbnP6dlbdq%2BqZWTsm4ffAwoS8Tiq1YResB%2BRP6WE%3D"
    },
    "nil@latest": {
      "last_modified": "2025-03-11T17:52:14Z",
      "resolved": "github:NixOS/nixpkgs/0d534853a55b5d02a4ababa1d71921ce8f0aee4c#nil",
      "source": "devbox-search",
      "version": "2024-08-06",
      "systems": {
        "aarch64-darwin": {
          "outputs": [
            {
              "name": "out",
              "path": "/nix/store/5mf2a8cm19f4qm8qf30r4hbi90viay9h-nil-2024-08-06",
              "default": true
            }
          ],
          "store_path": "/nix/store/5mf2a8cm19f4qm8qf30r4hbi90viay9h-nil-2024-08-06"
        },
        "aarch64-linux": {
          "outputs": [
            {
              "name": "out",
              "path": "/nix/store/dqlih5n31rd602npd0rc0mgk70aa40b7-nil-2024-08-06",
              "default": true
            }
          ],
          "store_path": "/nix/store/dqlih5n31rd602npd0rc0mgk70aa40b7-nil-2024-08-06"
        },
        "x86_64-darwin": {
          "outputs": [
            {
              "name": "out",
              "path": "/nix/store/kjkx90azrp9s9ylg9l7w9h0gikw8fp87-nil-2024-08-06",
              "default": true
            }
          ],
          "store_path": "/nix/store/kjkx90azrp9s9ylg9l7w9h0gikw8fp87-nil-2024-08-06"
        },
        "x86_64-linux": {
          "outputs": [
            {
              "name": "out",
              "path": "/nix/store/8rz4cwj93bkgxs8rj86b8nh83dg0x6vb-nil-2024-08-06",
              "default": true
            }
          ],
          "store_path": "/nix/store/8rz4cwj93bkgxs8rj86b8nh83dg0x6vb-nil-2024-08-06"
        }
      }
    },
    "nixfmt@0.6.0": {
      "last_modified": "2024-04-02T02:53:36Z",
      "resolved": "github:NixOS/nixpkgs/080a4a27f206d07724b88da096e27ef63401a504#nixfmt",
      "source": "devbox-search",
      "version": "0.6.0",
      "systems": {
        "aarch64-darwin": {
          "outputs": [
            {
              "name": "bin",
              "path": "/nix/store/rmm7lnjpv0rk84jwagjpl03iy9sj3flr-nixfmt-0.6.0-bin",
              "default": true
            },
            {
              "name": "doc",
              "path": "/nix/store/qixa3k5h6pf7p4albi9cnl4ip6nxky2l-nixfmt-0.6.0-doc"
            },
            {
              "name": "out",
              "path": "/nix/store/kgwl97k28id7igw8bk73c7s4lvib8yj1-nixfmt-0.6.0"
            }
          ],
          "store_path": "/nix/store/rmm7lnjpv0rk84jwagjpl03iy9sj3flr-nixfmt-0.6.0-bin"
        },
        "aarch64-linux": {
          "outputs": [
            {
              "name": "bin",
              "path": "/nix/store/3wh266flhkc3rla0wxisrbwvgwpwz18v-nixfmt-0.6.0-bin",
              "default": true
            },
            {
              "name": "doc",
              "path": "/nix/store/cwsjahhpkm7c5jazb3xc0d4m72z6q0q6-nixfmt-0.6.0-doc"
            },
            {
              "name": "out",
              "path": "/nix/store/1zpyhzc3slis08rng2878qwrfxjm23al-nixfmt-0.6.0"
            }
          ],
          "store_path": "/nix/store/3wh266flhkc3rla0wxisrbwvgwpwz18v-nixfmt-0.6.0-bin"
        },
        "x86_64-darwin": {
          "outputs": [
            {
              "name": "bin",
              "path": "/nix/store/nvxnlfd4av2ai16mvqjv5mrsbf0r0sxg-nixfmt-0.6.0-bin",
              "default": true
            },
            {
              "name": "doc",
              "path": "/nix/store/j0ndpnzjw9qjk8qhsvr3hf309v40ybgx-nixfmt-0.6.0-doc"
            },
            {
              "name": "out",
              "path": "/nix/store/nfi1yr0wy3ak8f86gg650mg26wd93pld-nixfmt-0.6.0"
            }
          ],
          "store_path": "/nix/store/nvxnlfd4av2ai16mvqjv5mrsbf0r0sxg-nixfmt-0.6.0-bin"
        },
        "x86_64-linux": {
          "outputs": [
            {
              "name": "bin",
              "path": "/nix/store/q4k3kb94fb9bgd76aa4plj4lksipbl52-nixfmt-0.6.0-bin",
              "default": true
            },
            {
              "name": "doc",
              "path": "/nix/store/83xc19p9yrzpnixs3i6hxb3zsma4d8mf-nixfmt-0.6.0-doc"
            },
            {
              "name": "out",
              "path": "/nix/store/a53qdzp29zy15q50ig3rysnwi2is29r5-nixfmt-0.6.0"
            }
          ],
          "store_path": "/nix/store/q4k3kb94fb9bgd76aa4plj4lksipbl52-nixfmt-0.6.0-bin"
        }
      }
    },
    "shellcheck@0.10.0": {
      "last_modified": "2025-05-06T08:06:31Z",
      "resolved": "github:NixOS/nixpkgs/1cb1c02a6b1b7cf67e3d7731cbbf327a53da9679#shellcheck",
      "source": "devbox-search",
      "version": "0.10.0",
      "systems": {
        "aarch64-darwin": {
          "outputs": [
            {
              "name": "bin",
              "path": "/nix/store/b1c32mg5irkdxxxz9bzpzvymqp2pqhmy-shellcheck-0.10.0-bin",
              "default": true
            },
            {
              "name": "man",
              "path": "/nix/store/d63kfzv0l4hfb76ha0zvyvh4wysjgl9r-shellcheck-0.10.0-man",
              "default": true
            },
            {
              "name": "doc",
              "path": "/nix/store/8af82s23d9vkcf0zq20jhgp4h73m345z-shellcheck-0.10.0-doc",
              "default": true
            },
            {
              "name": "out",
              "path": "/nix/store/j2i0irdvsvcgg1dh1k57knsmxwjq6619-shellcheck-0.10.0"
            }
          ],
          "store_path": "/nix/store/b1c32mg5irkdxxxz9bzpzvymqp2pqhmy-shellcheck-0.10.0-bin"
        },
        "aarch64-linux": {
          "outputs": [
            {
              "name": "bin",
              "path": "/nix/store/cbxl6jgfh7jpd6sp9ac8jdhbb6sq8k9p-shellcheck-0.10.0-bin",
              "default": true
            },
            {
              "name": "man",
              "path": "/nix/store/mkaram0apy3f9r1pi3ayfan0bds91wr0-shellcheck-0.10.0-man",
              "default": true
            },
            {
              "name": "doc",
              "path": "/nix/store/3drjxay81qf11ayv416s4j4zcnalrm8v-shellcheck-0.10.0-doc",
              "default": true
            },
            {
              "name": "out",
              "path": "/nix/store/lb15kk9k71wfsmvd4vv60h5a506ri40i-shellcheck-0.10.0"
            }
          ],
          "store_path": "/nix/store/cbxl6jgfh7jpd6sp9ac8jdhbb6sq8k9p-shellcheck-0.10.0-bin"
        },
        "x86_64-darwin": {
          "outputs": [
            {
              "name": "bin",
              "path": "/nix/store/qsk9cg3lsq385pvzblzhsvdxv54ka3xb-shellcheck-0.10.0-bin",
              "default": true
            },
            {
              "name": "man",
              "path": "/nix/store/32df81kwkxh0l7z5zypwqvz2bv6zrccw-shellcheck-0.10.0-man",
              "default": true
            },
            {
              "name": "doc",
              "path": "/nix/store/gviywi0w35z645swzdjzmq93iv4di26z-shellcheck-0.10.0-doc",
              "default": true
            },
            {
              "name": "out",
              "path": "/nix/store/pzp6nv4chixjg1x51yl7g3r2brd609k5-shellcheck-0.10.0"
            }
          ],
          "store_path": "/nix/store/qsk9cg3lsq385pvzblzhsvdxv54ka3xb-shellcheck-0.10.0-bin"
        },
        "x86_64-linux": {
          "outputs": [
            {
              "name": "bin",
              "path": "/nix/store/ab8fn2wams0fig9n1r2xc0lpxaw7k3ij-shellcheck-0.10.0-bin",
              "default": true
            },
            {
              "name": "man",
              "path": "/nix/store/kr9znaydj0zgb7vifaav25bq627zvw8y-shellcheck-0.10.0-man",
              "default": true
            },
            {
              "name": "doc",
              "path": "/nix/store/jgnfmjmgvbxq3nfx473dmx649v8q62k3-shellcheck-0.10.0-doc",
              "default": true
            },
            {
              "name": "out",
              "path": "/nix/store/040l4dgfz0syj8qfyhnn3359w1fxckmx-shellcheck-0.10.0"
            }
          ],
          "store_path": "/nix/store/ab8fn2wams0fig9n1r2xc0lpxaw7k3ij-shellcheck-0.10.0-bin"
        }
      }
    },
    "shfmt@3.11.0": {
      "last_modified": "2025-05-06T08:06:31Z",
      "resolved": "github:NixOS/nixpkgs/1cb1c02a6b1b7cf67e3d7731cbbf327a53da9679#shfmt",
      "source": "devbox-search",
      "version": "3.11.0",
      "systems": {
        "aarch64-darwin": {
          "outputs": [
            {
              "name": "out",
              "path": "/nix/store/yzjr67lxhw26abbhw1qafwd1p3nf6jd8-shfmt-3.11.0",
              "default": true
            }
          ],
          "store_path": "/nix/store/yzjr67lxhw26abbhw1qafwd1p3nf6jd8-shfmt-3.11.0"
        },
        "aarch64-linux": {
          "outputs": [
            {
              "name": "out",
              "path": "/nix/store/fsh2cvmk3mikyqc7znxmkr6pw38c8rix-shfmt-3.11.0",
              "default": true
            }
          ],
          "store_path": "/nix/store/fsh2cvmk3mikyqc7znxmkr6pw38c8rix-shfmt-3.11.0"
        },
        "x86_64-darwin": {
          "outputs": [
            {
              "name": "out",
              "path": "/nix/store/hawzg5kf2lhxgsrf8n8y5kxm35xafhk3-shfmt-3.11.0",
              "default": true
            }
          ],
          "store_path": "/nix/store/hawzg5kf2lhxgsrf8n8y5kxm35xafhk3-shfmt-3.11.0"
        },
        "x86_64-linux": {
          "outputs": [
            {
              "name": "out",
              "path": "/nix/store/1rlccxy9swhrd2i8kln0a523hjp9ri50-shfmt-3.11.0",
              "default": true
            }
          ],
          "store_path": "/nix/store/1rlccxy9swhrd2i8kln0a523hjp9ri50-shfmt-3.11.0"
        }
      }
    }
  }
}
