apiVersion: vendir.k14s.io/v1alpha1
directories:
- contents:
  - git:
      commitTitle: 'Merge pull request #813 from tesar-tech/patch-1...'
      sha: 0e810e5afa27acbd074398eefbe28d13005dbc15
    path: zsh-autosuggestions
  - git:
      commitTitle: 'Merge pull request #159 from dxrcy/master...'
      sha: 87ce96b1862928d84b1afe7c173316614b30e301
    path: zsh-history-substring-search
  - git:
      commitTitle: '''main'' tests: Don''t assume ps(1) is available....'
      sha: 5eb677bb0fa9a3e60f0eff031dc13926e093df92
    path: zsh-syntax-highlighting
  path: zsh/plugins
kind: LockConfig
