{
  "nodes": {
    "darwin": {
      "inputs": {
        "nixpkgs": [
          "nixpkgs"
        ]
      },
      "locked": {
        "lastModified": 1746254942,
        "narHash": "sha256-Y062AuRx6l+TJNX8wxZcT59SSLsqD9EedAY0mqgTtQE=",
        "owner": "nix-darwin",
        "repo": "nix-darwin",
        "rev": "760a11c87009155afa0140d55c40e7c336d62d7a",
        "type": "github"
      },
      "original": {
        "owner": "nix-darwin",
        "repo": "nix-darwin",
        "type": "github"
      }
    },
    "home-manager": {
      "inputs": {
        "nixpkgs": [
          "nixpkgs"
        ]
      },
      "locked": {
        "lastModified": 1741955947,
        "narHash": "sha256-2lbURKclgKqBNm7hVRtWh0A7NrdsibD0EaWhahUVhhY=",
        "owner": "nix-community",
        "repo": "home-manager",
        "rev": "4e12151c9e014e2449e0beca2c0e9534b96a26b4",
        "type": "github"
      },
      "original": {
        "owner": "nix-community",
        "repo": "home-manager",
        "type": "github"
      }
    },
    "mkAlias": {
      "inputs": {
        "nixpkgs": [
          "nixpkgs"
        ]
      },
      "locked": {
        "lastModified": 1678667396,
        "narHash": "sha256-00gStGvYNlFi9d9e2KJr9qXlcJotry7YfZyv2NCAThE=",
        "owner": "cdmistman",
        "repo": "mkAlias",
        "rev": "ab1afe594a3da8be30814b735cc5ad53d7c326f7",
        "type": "github"
      },
      "original": {
        "owner": "cdmistman",
        "repo": "mkAlias",
        "type": "github"
      }
    },
    "nixpkgs": {
      "locked": {
        "lastModified": 1741851582,
        "narHash": "sha256-cPfs8qMccim2RBgtKGF+x9IBCduRvd/N5F4nYpU0TVE=",
        "owner": "nixos",
        "repo": "nixpkgs",
        "rev": "6607cf789e541e7873d40d3a8f7815ea92204f32",
        "type": "github"
      },
      "original": {
        "owner": "nixos",
        "ref": "nixos-unstable",
        "repo": "nixpkgs",
        "type": "github"
      }
    },
    "root": {
      "inputs": {
        "darwin": "darwin",
        "home-manager": "home-manager",
        "mkAlias": "mkAlias",
        "nixpkgs": "nixpkgs"
      }
    }
  },
  "root": "root",
  "version": 7
}
