{
  "name": "merge-vscode-settings",
  "version": "1.0.0",
  "lockfileVersion": 3,
  "requires": true,
  "packages": {
    "": {
      "name": "merge-vscode-settings",
      "version": "1.0.0",
      "license": "MIT",
      "dependencies": {
        "comment-json": "^4.2.3"
      },
      "bin": {
        "merge-vscode-settings": "merge-vscode-settings.js"
      }
    },
    "node_modules/array-timsort": {
      "version": "1.0.3",
      "resolved": "https://registry.npmjs.org/array-timsort/-/array-timsort-1.0.3.tgz",
      "integrity": "sha512-/+3GRL7dDAGEfM6TseQk/U+mi18TU2Ms9I3UlLdUMhz2hbvGNTKdj9xniwXfUqgYhHxRx0+8UnKkvlNwVU+cWQ==",
      "license": "MIT"
    },
    "node_modules/comment-json": {
      "version": "4.4.1",
      "resolved": "https://registry.npmjs.org/comment-json/-/comment-json-4.4.1.tgz",
      "integrity": "sha512-r1To31BQD5060QdkC+Iheai7gHwoSZobzunqkf2/kQ6xIAfJyrKNAFUwdKvkK7Qgu7pVTKQEa7ok7Ed3ycAJgg==",
      "license": "MIT",
      "dependencies": {
        "array-timsort": "^1.0.3",
        "core-util-is": "^1.0.3",
        "esprima": "^4.0.1"
      },
      "engines": {
        "node": ">= 6"
      }
    },
    "node_modules/core-util-is": {
      "version": "1.0.3",
      "resolved": "https://registry.npmjs.org/core-util-is/-/core-util-is-1.0.3.tgz",
      "integrity": "sha512-ZQBvi1DcpJ4GDqanjucZ2Hj3wEO5pZDS89BWbkcrvdxksJorwUDDZamX9ldFkp9aw2lmBDLgkObEA4DWNJ9FYQ==",
      "license": "MIT"
    },
    "node_modules/esprima": {
      "version": "4.0.1",
      "resolved": "https://registry.npmjs.org/esprima/-/esprima-4.0.1.tgz",
      "integrity": "sha512-eGuFFw7Upda+g4p+QHvnW0RyTX/SVeJBDM/gCtMARO0cLuT2HcEKnTPvhjV6aGeqrCB/sbNop0Kszm0jsaWU4A==",
      "license": "BSD-2-Clause",
      "bin": {
        "esparse": "bin/esparse.js",
        "esvalidate": "bin/esvalidate.js"
      },
      "engines": {
        "node": ">=4"
      }
    }
  }
}
